lockfileVersion: '9.0'

settings:
  autoInstallPeers: true
  excludeLinksFromLockfile: false

importers:

  .:
    dependencies:
      '@codesandbox/sandpack-themes':
        specifier: ^2.0.21
        version: 2.0.21
      '@types/lodash':
        specifier: ^4.17.17
        version: 4.17.17
      gofish-graphics:
        specifier: ^0.0.3
        version: 0.0.3(solid-js@1.9.7)
      lodash:
        specifier: ^4.17.21
        version: 4.17.21
      markdown-it-container:
        specifier: ^4.0.0
        version: 4.0.0
      monaco-editor:
        specifier: ^0.52.2
        version: 0.52.2
      sandpack-vue3:
        specifier: ^3.1.12
        version: 3.1.12(vue@3.5.13)
      vite-plugin-monaco-editor:
        specifier: ^1.1.0
        version: 1.1.0(monaco-editor@0.52.2)
    devDependencies:
      '@types/node':
        specifier: ^24.0.0
        version: 24.0.0
      vue:
        specifier: ^3.5.13
        version: 3.5.13

packages:

  '@babel/helper-string-parser@7.25.9':
    resolution: {integrity: sha512-4A/SCr/2KLd5jrtOMFzaKjVtAei3+2r/NChoBNoZ3EyP/+GlhoaEGoWOZUmFmoITP7zOJyHIMm+DYRd8o3PvHA==}
    engines: {node: '>=6.9.0'}

  '@babel/helper-validator-identifier@7.25.9':
    resolution: {integrity: sha512-Ed61U6XJc3CVRfkERJWDz4dJwKe7iLmmJsbOGu9wSloNSFttHV0I8g6UAgb7qnK5ly5bGLPd4oXZlxCdANBOWQ==}
    engines: {node: '>=6.9.0'}

  '@babel/parser@7.27.0':
    resolution: {integrity: sha512-iaepho73/2Pz7w2eMS0Q5f83+0RKI7i4xmiYeBmDzfRVbQtTOG7Ts0S4HzJVsTMGI9keU8rNfuZr8DKfSt7Yyg==}
    engines: {node: '>=6.0.0'}
    hasBin: true

  '@babel/types@7.27.0':
    resolution: {integrity: sha512-H45s8fVLYjbhFH62dIJ3WtmJ6RSPt/3DRO0ZcT2SUiYiQyz3BLVb9ADEnLl91m74aQPS3AzzeajZHYOalWe3bg==}
    engines: {node: '>=6.9.0'}

  '@codemirror/autocomplete@6.18.6':
    resolution: {integrity: sha512-PHHBXFomUs5DF+9tCOM/UoW6XQ4R44lLNNhRaW9PKPTU0D7lIjRg3ElxaJnTwsl/oHiR93WSXDBrekhoUGCPtg==}

  '@codemirror/commands@6.8.1':
    resolution: {integrity: sha512-KlGVYufHMQzxbdQONiLyGQDUW0itrLZwq3CcY7xpv9ZLRHqzkBSoteocBHtMCoY7/Ci4xhzSrToIeLg7FxHuaw==}

  '@codemirror/lang-css@6.3.1':
    resolution: {integrity: sha512-kr5fwBGiGtmz6l0LSJIbno9QrifNMUusivHbnA1H6Dmqy4HZFte3UAICix1VuKo0lMPKQr2rqB+0BkKi/S3Ejg==}

  '@codemirror/lang-html@6.4.9':
    resolution: {integrity: sha512-aQv37pIMSlueybId/2PVSP6NPnmurFDVmZwzc7jszd2KAF8qd4VBbvNYPXWQq90WIARjsdVkPbw29pszmHws3Q==}

  '@codemirror/lang-javascript@6.2.4':
    resolution: {integrity: sha512-0WVmhp1QOqZ4Rt6GlVGwKJN3KW7Xh4H2q8ZZNGZaP6lRdxXJzmjm4FqvmOojVj6khWJHIb9sp7U/72W7xQgqAA==}

  '@codemirror/language@6.11.1':
    resolution: {integrity: sha512-5kS1U7emOGV84vxC+ruBty5sUgcD0te6dyupyRVG2zaSjhTDM73LhVKUtVwiqSe6QwmEoA4SCiU8AKPFyumAWQ==}

  '@codemirror/lint@6.8.5':
    resolution: {integrity: sha512-s3n3KisH7dx3vsoeGMxsbRAgKe4O1vbrnKBClm99PU0fWxmxsx5rR2PfqQgIt+2MMJBHbiJ5rfIdLYfB9NNvsA==}

  '@codemirror/state@6.5.2':
    resolution: {integrity: sha512-FVqsPqtPWKVVL3dPSxy8wEF/ymIEuVzF1PK3VbUgrxXpJUSHQWWZz4JMToquRxnkw+36LTamCZG2iua2Ptq0fA==}

  '@codemirror/view@6.37.1':
    resolution: {integrity: sha512-Qy4CAUwngy/VQkEz0XzMKVRcckQuqLYWKqVpDDDghBe5FSXSqfVrJn49nw3ePZHxRUz4nRmb05Lgi+9csWo4eg==}

  '@codesandbox/nodebox@0.1.8':
    resolution: {integrity: sha512-2VRS6JDSk+M+pg56GA6CryyUSGPjBEe8Pnae0QL3jJF1mJZJVMDKr93gJRtBbLkfZN6LD/DwMtf+2L0bpWrjqg==}

  '@codesandbox/sandpack-client@2.19.8':
    resolution: {integrity: sha512-CMV4nr1zgKzVpx4I3FYvGRM5YT0VaQhALMW9vy4wZRhEyWAtJITQIqZzrTGWqB1JvV7V72dVEUCUPLfYz5hgJQ==}

  '@codesandbox/sandpack-themes@2.0.21':
    resolution: {integrity: sha512-CMH/MO/dh6foPYb/3eSn2Cu/J3+1+/81Fsaj7VggICkCrmRk0qG5dmgjGAearPTnRkOGORIPHuRqwNXgw0E6YQ==}

  '@jridgewell/sourcemap-codec@1.5.0':
    resolution: {integrity: sha512-gv3ZRaISU3fjPAgNsriBRqGWQL6quFx04YMPW/zD8XMLsU32mhCCbfbO6KZFLjvYpCZ8zyDEgqsgf+PwPaM7GQ==}

  '@lezer/common@1.2.3':
    resolution: {integrity: sha512-w7ojc8ejBqr2REPsWxJjrMFsA/ysDCFICn8zEOR9mrqzOu2amhITYuLD8ag6XZf0CFXDrhKqw7+tW8cX66NaDA==}

  '@lezer/css@1.2.1':
    resolution: {integrity: sha512-2F5tOqzKEKbCUNraIXc0f6HKeyKlmMWJnBB0i4XW6dJgssrZO/YlZ2pY5xgyqDleqqhiNJ3dQhbrV2aClZQMvg==}

  '@lezer/highlight@1.2.1':
    resolution: {integrity: sha512-Z5duk4RN/3zuVO7Jq0pGLJ3qynpxUVsh7IbUbGj88+uV2ApSAn6kWg2au3iJb+0Zi7kKtqffIESgNcRXWZWmSA==}

  '@lezer/html@1.3.10':
    resolution: {integrity: sha512-dqpT8nISx/p9Do3AchvYGV3qYc4/rKr3IBZxlHmpIKam56P47RSHkSF5f13Vu9hebS1jM0HmtJIwLbWz1VIY6w==}

  '@lezer/javascript@1.5.1':
    resolution: {integrity: sha512-ATOImjeVJuvgm3JQ/bpo2Tmv55HSScE2MTPnKRMRIPx2cLhHGyX2VnqpHhtIV1tVzIjZDbcWQm+NCTF40ggZVw==}

  '@lezer/lr@1.4.2':
    resolution: {integrity: sha512-pu0K1jCIdnQ12aWNaAVU5bzi7Bd1w54J3ECgANPmYLtQKP0HBj2cE/5coBD66MT10xbtIuUr7tg0Shbsvk0mDA==}

  '@marijn/find-cluster-break@1.0.2':
    resolution: {integrity: sha512-l0h88YhZFyKdXIFNfSWpyjStDjGHwZ/U7iobcK1cQQD8sejsONdQtTVU+1wVN1PBw40PiiHB1vA5S7VTfQiP9g==}

  '@open-draft/deferred-promise@2.2.0':
    resolution: {integrity: sha512-CecwLWx3rhxVQF6V4bAgPS5t+So2sTbPgAzafKkVizyi7tlwpcFpdFqq+wqF2OwNBmqFuu6tOyouTuxgpMfzmA==}

  '@stitches/core@1.2.8':
    resolution: {integrity: sha512-Gfkvwk9o9kE9r9XNBmJRfV8zONvXThnm1tcuojL04Uy5uRyqg93DC83lDebl0rocZCfKSjUv+fWYtMQmEDJldg==}

  '@types/d3-array@3.2.1':
    resolution: {integrity: sha512-Y2Jn2idRrLzUfAKV2LyRImR+y4oa2AntrgID95SHJxuMUrkNXmanDSed71sRNZysveJVt1hLLemQZIady0FpEg==}

  '@types/lodash@4.17.17':
    resolution: {integrity: sha512-RRVJ+J3J+WmyOTqnz3PiBLA501eKwXl2noseKOrNo/6+XEHjTAxO4xHvxQB6QuNm+s4WRbn6rSiap8+EA+ykFQ==}

  '@types/node@24.0.0':
    resolution: {integrity: sha512-yZQa2zm87aRVcqDyH5+4Hv9KYgSdgwX1rFnGvpbzMaC7YAljmhBET93TPiTd3ObwTL+gSpIzPKg5BqVxdCvxKg==}

  '@vue/compiler-core@3.5.13':
    resolution: {integrity: sha512-oOdAkwqUfW1WqpwSYJce06wvt6HljgY3fGeM9NcVA1HaYOij3mZG9Rkysn0OHuyUAGMbEbARIpsG+LPVlBJ5/Q==}

  '@vue/compiler-dom@3.5.13':
    resolution: {integrity: sha512-ZOJ46sMOKUjO3e94wPdCzQ6P1Lx/vhp2RSvfaab88Ajexs0AHeV0uasYhi99WPaogmBlRHNRuly8xV75cNTMDA==}

  '@vue/compiler-sfc@3.5.13':
    resolution: {integrity: sha512-6VdaljMpD82w6c2749Zhf5T9u5uLBWKnVue6XWxprDobftnletJ8+oel7sexFfM3qIxNmVE7LSFGTpv6obNyaQ==}

  '@vue/compiler-ssr@3.5.13':
    resolution: {integrity: sha512-wMH6vrYHxQl/IybKJagqbquvxpWCuVYpoUJfCqFZwa/JY1GdATAQ+TgVtgrwwMZ0D07QhA99rs/EAAWfvG6KpA==}

  '@vue/reactivity@3.5.13':
    resolution: {integrity: sha512-NaCwtw8o48B9I6L1zl2p41OHo/2Z4wqYGGIK1Khu5T7yxrn+ATOixn/Udn2m+6kZKB/J7cuT9DbWWhRxqixACg==}

  '@vue/runtime-core@3.5.13':
    resolution: {integrity: sha512-Fj4YRQ3Az0WTZw1sFe+QDb0aXCerigEpw418pw1HBUKFtnQHWzwojaukAs2X/c9DQz4MQ4bsXTGlcpGxU/RCIw==}

  '@vue/runtime-dom@3.5.13':
    resolution: {integrity: sha512-dLaj94s93NYLqjLiyFzVs9X6dWhTdAlEAciC3Moq7gzAc13VJUdCnjjRurNM6uTLFATRHexHCTu/Xp3eW6yoog==}

  '@vue/server-renderer@3.5.13':
    resolution: {integrity: sha512-wAi4IRJV/2SAW3htkTlB+dHeRmpTiVIK1OGLWV1yeStVSebSQQOwGwIq0D3ZIoBj2C2qpgz5+vX9iEBkTdk5YA==}
    peerDependencies:
      vue: 3.5.13

  '@vue/shared@3.5.13':
    resolution: {integrity: sha512-/hnE/qP5ZoGpol0a5mDi45bOd7t3tjYJBjsgCsivow7D48cJeV5l05RD82lPqi7gRiphZM37rnhW1l6ZoCNNnQ==}

  anser@2.3.2:
    resolution: {integrity: sha512-PMqBCBvrOVDRqLGooQb+z+t1Q0PiPyurUQeZRR5uHBOVZcW8B04KMmnT12USnhpNX2wCPagWzLVppQMUG3u0Dw==}

  ansi-to-vue3@0.1.2:
    resolution: {integrity: sha512-mkfWeVNBKfmpoWLeLqmAeKQalqvOyAhhMnndqu1oJZEzz8tn56mbUqJC7OfvB8cOEg70ooKjmgeIZoI0i9cdxw==}
    engines: {node: '>=16', npm: '>=7'}
    peerDependencies:
      vue: ^3.2.0
    peerDependenciesMeta:
      vue:
        optional: true

  base64-js@1.5.1:
    resolution: {integrity: sha512-AKpaYlHn8t4SVbOHCy+b5+KKgvR4vrsD8vbvrbiQJps7fKDTkjkDry6ji0rUJjC0kzbNePLwzxq8iypo41qeWA==}

  bubblesets-js@3.0.0:
    resolution: {integrity: sha512-tJB3f7QTpDGjhhwi4tEeSXuBEcaNJ3Cq5cxMaNKRpfntcQ3r1HQIM93ar315o9mZe+PvWDOuZp2qpRxQRYiGaA==}

  buffer@6.0.3:
    resolution: {integrity: sha512-FTiCpNxtwiZZHEZbcbTIcZjERVICn9yq/pDFkTl95/AxzD1naBctN7YO68riM/gLSDY7sdrMby8hofADYuuqOA==}

  clean-set@1.1.2:
    resolution: {integrity: sha512-cA8uCj0qSoG9e0kevyOWXwPaELRPVg5Pxp6WskLMwerx257Zfnh8Nl0JBH59d7wQzij2CK7qEfJQK3RjuKKIug==}

  crelt@1.0.6:
    resolution: {integrity: sha512-VQ2MBenTq1fWZUH9DJNGti7kKv6EeAuYr3cLwxUWhIu1baTaXh4Ib5W2CqHVqib4/MqbYGJqiL3Zb8GJZr3l4g==}

  csstype@3.1.3:
    resolution: {integrity: sha512-M1uQkMl8rQK/szD0LNhtqxIPLpimGm8sOBwU7lLnCpSbTyY3yeU1Vc7l4KT5zT4s/yOxHH5O7tIuuLOCnLADRw==}

  d3-array@3.2.4:
    resolution: {integrity: sha512-tdQAmyA18i4J7wprpYq8ClcxZy3SC31QMeByyCFyRt7BVHdREQZ5lpzoe5mFEYZUWe+oq8HBvk9JjpibyEV4Jg==}
    engines: {node: '>=12'}

  dequal@2.0.3:
    resolution: {integrity: sha512-0je+qPKHEMohvfRTCEo3CrPG6cAzAYgmzKyxRiYSSDkS6eGJdyVJm7WaYA5ECaAD9wLB2T4EEeymA5aFVcYXCA==}
    engines: {node: '>=6'}

  dotenv@16.5.0:
    resolution: {integrity: sha512-m/C+AwOAr9/W1UOIZUo232ejMNnJAJtYQjUbHoNTBNTJSvqzzDh7vnrei3o3r3m9blf6ZoDkvcw0VmozNRFJxg==}
    engines: {node: '>=12'}

  entities@4.5.0:
    resolution: {integrity: sha512-V0hjH4dGPh9Ao5p0MoRY6BVqtwCjhz6vI5LT8AJ55H+4g9/4vbHx1I54fS0XuclLhDHArPQCiMjDxjaL8fPxhw==}
    engines: {node: '>=0.12'}

  escape-carriage@1.3.1:
    resolution: {integrity: sha512-GwBr6yViW3ttx1kb7/Oh+gKQ1/TrhYwxKqVmg5gS+BK+Qe2KrOa/Vh7w3HPBvgGf0LfcDGoY9I6NHKoA5Hozhw==}

  estree-walker@2.0.2:
    resolution: {integrity: sha512-Rfkk/Mp/DL7JVje3u18FxFujQlTNR2q6QfMSMB7AvCBx91NGj/ba3kCfza0f6dVDbw7YlRf/nDrn7pQrCCyQ/w==}

  gofish-graphics@0.0.3:
    resolution: {integrity: sha512-9+yfsrK30RqO6xKYlFUvy69vgLkNzg1jTXeMB/OgJBeyLgcRg6S8Bn+y0cszHjBsoz3fIurGMKdtkSIXzm2IHA==}
    peerDependencies:
      solid-js: ^1.9.5

  ieee754@1.2.1:
    resolution: {integrity: sha512-dcyqhDvX1C46lXZcVqCpK+FtMRQVdIMN6/Df5js2zouUsqG7I6sFxitIC+7KYK29KdXOLHdu9zL4sFnoVQnqaA==}

  internmap@2.0.3:
    resolution: {integrity: sha512-5Hh7Y1wQbvY5ooGgPbDaL5iYLAPzMTUrjMulskHLH6wnv/A+1q5rgEaiuqEjB+oxGXIVZs1FF+R/KPN3ZSQYYg==}
    engines: {node: '>=12'}

  lodash@4.17.21:
    resolution: {integrity: sha512-v2kDEe57lecTulaDIuNTPy3Ry4gLGJ6Z1O3vE1krgXZNrsQ+LFTGHVxVjcXPs17LhbZVGedAJv8XZ1tvj5FvSg==}

  lz-string@1.5.0:
    resolution: {integrity: sha512-h5bgJWpxJNswbU7qCrV0tIKQCaS3blPDrqKWx+QxzuzL1zGUzij9XCWLrSLsJPu5t+eWA/ycetzYAO5IOMcWAQ==}
    hasBin: true

  magic-string@0.30.17:
    resolution: {integrity: sha512-sNPKHvyjVf7gyjwS4xGTaW/mCnF8wnjtifKBEhxfZ7E/S8tQ0rssrwGNn6q8JH/ohItJfSQp9mBtQYuTlH5QnA==}

  markdown-it-container@4.0.0:
    resolution: {integrity: sha512-HaNccxUH0l7BNGYbFbjmGpf5aLHAMTinqRZQAEQbMr2cdD3z91Q6kIo1oUn1CQndkT03jat6ckrdRYuwwqLlQw==}

  mime-db@1.54.0:
    resolution: {integrity: sha512-aU5EJuIN2WDemCcAp2vFBfp/m4EAhWJnUNSSw0ixs7/kXbd6Pg64EmwJkNdFhB8aWt1sH2CTXrLxo/iAGV3oPQ==}
    engines: {node: '>= 0.6'}

  monaco-editor@0.52.2:
    resolution: {integrity: sha512-GEQWEZmfkOGLdd3XK8ryrfWz3AIP8YymVXiPHEdewrUq7mh0qrKrfHLNCXcbB6sTnMLnOZ3ztSiKcciFUkIJwQ==}

  nanoid@3.3.11:
    resolution: {integrity: sha512-N8SpfPUnUp1bK+PMYW8qSWdl9U+wwNWI4QKxOYDy9JAro3WMX7p2OeVRF9v+347pnakNevPmiHhNmZ2HbFA76w==}
    engines: {node: ^10 || ^12 || ^13.7 || ^14 || >=15.0.1}
    hasBin: true

  outvariant@1.4.0:
    resolution: {integrity: sha512-AlWY719RF02ujitly7Kk/0QlV+pXGFDHrHf9O2OKqyqgBieaPOIeuSkL8sRK6j2WK+/ZAURq2kZsY0d8JapUiw==}

  picocolors@1.1.1:
    resolution: {integrity: sha512-xceH2snhtb5M9liqDsmEw56le376mTZkEX/jEb/RxNFyegNul7eNslCXP9FDj/Lcu0X8KEyMceP2ntpaHrDEVA==}

  postcss@8.5.3:
    resolution: {integrity: sha512-dle9A3yYxlBSrt8Fu+IpjGT8SY8hN0mlaA6GY8t0P5PjIOZemULz/E2Bnm/2dcUOena75OTNkHI76uZBNUUq3A==}
    engines: {node: ^10 || ^12 || >=14}

  rybitten@0.22.0:
    resolution: {integrity: sha512-w9aWDjaIo3YWLTBFiPDLzWWbdiKDkghLKzCeXDsXTqs64Ai0Dw8mHn9d/nnMvnds93GVpRwqjVM5VH+SDJsIsQ==}

  sandpack-vue3@3.1.12:
    resolution: {integrity: sha512-3iaWauAbqBsIc1UtVkDeSI617ACkOlH9gATgy705DcYqh8EGFLqn94KvFw3JPfhBHl0H5PSVcHITXYbhUd6Opg==}
    engines: {node: '>=16'}
    peerDependencies:
      vue: '>=3.2.0'
    peerDependenciesMeta:
      vue:
        optional: true

  seroval-plugins@1.3.2:
    resolution: {integrity: sha512-0QvCV2lM3aj/U3YozDiVwx9zpH0q8A60CTWIv4Jszj/givcudPb48B+rkU5D51NJ0pTpweGMttHjboPa9/zoIQ==}
    engines: {node: '>=10'}
    peerDependencies:
      seroval: ^1.0

  seroval@1.3.2:
    resolution: {integrity: sha512-RbcPH1n5cfwKrru7v7+zrZvjLurgHhGyso3HTyGtRivGWgYjbOmGuivCQaORNELjNONoK35nj28EoWul9sb1zQ==}
    engines: {node: '>=10'}

  solid-js@1.9.7:
    resolution: {integrity: sha512-/saTKi8iWEM233n5OSi1YHCCuh66ZIQ7aK2hsToPe4tqGm7qAejU1SwNuTPivbWAYq7SjuHVVYxxuZQNRbICiw==}

  source-map-js@1.2.1:
    resolution: {integrity: sha512-UXWMKhLOwVKb728IUtQPXxfYU+usdybtUrK/8uGE8CQMvrhOpwvzDBwj0QhSL7MQc7vIsISBG8VQ8+IDQxpfQA==}
    engines: {node: '>=0.10.0'}

  spectral.js@2.0.2:
    resolution: {integrity: sha512-g7NA/GMc2C50ez/foALJW8DcwvwbMgW5WF0/1fmAib5AN8NkJwMVyWgkPeSGAm4D6XAFXdtz9KM4AreuV+hJsg==}

  static-browser-server@1.0.3:
    resolution: {integrity: sha512-ZUyfgGDdFRbZGGJQ1YhiM930Yczz5VlbJObrQLlk24+qNHVQx4OlLcYswEUo3bIyNAbQUIUR9Yr5/Hqjzqb4zA==}

  strict-event-emitter@0.4.6:
    resolution: {integrity: sha512-12KWeb+wixJohmnwNFerbyiBrAlq5qJLwIt38etRtKtmmHyDSoGlIqFE9wx+4IwG0aDjI7GV8tc8ZccjWZZtTg==}

  style-mod@4.1.2:
    resolution: {integrity: sha512-wnD1HyVqpJUI2+eKZ+eo1UwghftP6yuFheBqqe+bWCotBjC2K1YnteJILRMs3SM4V/0dLEW1SC27MWP5y+mwmw==}

  undici-types@7.8.0:
    resolution: {integrity: sha512-9UJ2xGDvQ43tYyVMpuHlsgApydB8ZKfVYTsLDhXkFL/6gfkp+U8xTGdh8pMJv1SpZna0zxG1DwsKZsreLbXBxw==}

  vite-plugin-monaco-editor@1.1.0:
    resolution: {integrity: sha512-IvtUqZotrRoVqwT0PBBDIZPNraya3BxN/bfcNfnxZ5rkJiGcNtO5eAOWWSgT7zullIAEqQwxMU83yL9J5k7gww==}
    peerDependencies:
      monaco-editor: '>=0.33.0'

  vue@3.5.13:
    resolution: {integrity: sha512-wmeiSMxkZCSc+PM2w2VRsOYAZC8GdipNFRTsLSfodVqI9mbejKeXEGr8SckuLnrQPGe3oJN5c3K0vpoU9q/wCQ==}
    peerDependencies:
      typescript: '*'
    peerDependenciesMeta:
      typescript:
        optional: true

  w3c-keyname@2.2.8:
    resolution: {integrity: sha512-dpojBhNsCNN7T82Tm7k26A6G9ML3NkhDsnw9n/eoxSRlVBB4CEtIQ/KTCLI2Fwf3ataSXRhYFkQi3SlnFwPvPQ==}

snapshots:

  '@babel/helper-string-parser@7.25.9': {}

  '@babel/helper-validator-identifier@7.25.9': {}

  '@babel/parser@7.27.0':
    dependencies:
      '@babel/types': 7.27.0

  '@babel/types@7.27.0':
    dependencies:
      '@babel/helper-string-parser': 7.25.9
      '@babel/helper-validator-identifier': 7.25.9

  '@codemirror/autocomplete@6.18.6':
    dependencies:
      '@codemirror/language': 6.11.1
      '@codemirror/state': 6.5.2
      '@codemirror/view': 6.37.1
      '@lezer/common': 1.2.3

  '@codemirror/commands@6.8.1':
    dependencies:
      '@codemirror/language': 6.11.1
      '@codemirror/state': 6.5.2
      '@codemirror/view': 6.37.1
      '@lezer/common': 1.2.3

  '@codemirror/lang-css@6.3.1':
    dependencies:
      '@codemirror/autocomplete': 6.18.6
      '@codemirror/language': 6.11.1
      '@codemirror/state': 6.5.2
      '@lezer/common': 1.2.3
      '@lezer/css': 1.2.1

  '@codemirror/lang-html@6.4.9':
    dependencies:
      '@codemirror/autocomplete': 6.18.6
      '@codemirror/lang-css': 6.3.1
      '@codemirror/lang-javascript': 6.2.4
      '@codemirror/language': 6.11.1
      '@codemirror/state': 6.5.2
      '@codemirror/view': 6.37.1
      '@lezer/common': 1.2.3
      '@lezer/css': 1.2.1
      '@lezer/html': 1.3.10

  '@codemirror/lang-javascript@6.2.4':
    dependencies:
      '@codemirror/autocomplete': 6.18.6
      '@codemirror/language': 6.11.1
      '@codemirror/lint': 6.8.5
      '@codemirror/state': 6.5.2
      '@codemirror/view': 6.37.1
      '@lezer/common': 1.2.3
      '@lezer/javascript': 1.5.1

  '@codemirror/language@6.11.1':
    dependencies:
      '@codemirror/state': 6.5.2
      '@codemirror/view': 6.37.1
      '@lezer/common': 1.2.3
      '@lezer/highlight': 1.2.1
      '@lezer/lr': 1.4.2
      style-mod: 4.1.2

  '@codemirror/lint@6.8.5':
    dependencies:
      '@codemirror/state': 6.5.2
      '@codemirror/view': 6.37.1
      crelt: 1.0.6

  '@codemirror/state@6.5.2':
    dependencies:
      '@marijn/find-cluster-break': 1.0.2

  '@codemirror/view@6.37.1':
    dependencies:
      '@codemirror/state': 6.5.2
      crelt: 1.0.6
      style-mod: 4.1.2
      w3c-keyname: 2.2.8

  '@codesandbox/nodebox@0.1.8':
    dependencies:
      outvariant: 1.4.0
      strict-event-emitter: 0.4.6

  '@codesandbox/sandpack-client@2.19.8':
    dependencies:
      '@codesandbox/nodebox': 0.1.8
      buffer: 6.0.3
      dequal: 2.0.3
      mime-db: 1.54.0
      outvariant: 1.4.0
      static-browser-server: 1.0.3

  '@codesandbox/sandpack-themes@2.0.21': {}

  '@jridgewell/sourcemap-codec@1.5.0': {}

  '@lezer/common@1.2.3': {}

  '@lezer/css@1.2.1':
    dependencies:
      '@lezer/common': 1.2.3
      '@lezer/highlight': 1.2.1
      '@lezer/lr': 1.4.2

  '@lezer/highlight@1.2.1':
    dependencies:
      '@lezer/common': 1.2.3

  '@lezer/html@1.3.10':
    dependencies:
      '@lezer/common': 1.2.3
      '@lezer/highlight': 1.2.1
      '@lezer/lr': 1.4.2

  '@lezer/javascript@1.5.1':
    dependencies:
      '@lezer/common': 1.2.3
      '@lezer/highlight': 1.2.1
      '@lezer/lr': 1.4.2

  '@lezer/lr@1.4.2':
    dependencies:
      '@lezer/common': 1.2.3

  '@marijn/find-cluster-break@1.0.2': {}

  '@open-draft/deferred-promise@2.2.0': {}

  '@stitches/core@1.2.8': {}

  '@types/d3-array@3.2.1': {}

  '@types/lodash@4.17.17': {}

  '@types/node@24.0.0':
    dependencies:
      undici-types: 7.8.0

  '@vue/compiler-core@3.5.13':
    dependencies:
      '@babel/parser': 7.27.0
      '@vue/shared': 3.5.13
      entities: 4.5.0
      estree-walker: 2.0.2
      source-map-js: 1.2.1

  '@vue/compiler-dom@3.5.13':
    dependencies:
      '@vue/compiler-core': 3.5.13
      '@vue/shared': 3.5.13

  '@vue/compiler-sfc@3.5.13':
    dependencies:
      '@babel/parser': 7.27.0
      '@vue/compiler-core': 3.5.13
      '@vue/compiler-dom': 3.5.13
      '@vue/compiler-ssr': 3.5.13
      '@vue/shared': 3.5.13
      estree-walker: 2.0.2
      magic-string: 0.30.17
      postcss: 8.5.3
      source-map-js: 1.2.1

  '@vue/compiler-ssr@3.5.13':
    dependencies:
      '@vue/compiler-dom': 3.5.13
      '@vue/shared': 3.5.13

  '@vue/reactivity@3.5.13':
    dependencies:
      '@vue/shared': 3.5.13

  '@vue/runtime-core@3.5.13':
    dependencies:
      '@vue/reactivity': 3.5.13
      '@vue/shared': 3.5.13

  '@vue/runtime-dom@3.5.13':
    dependencies:
      '@vue/reactivity': 3.5.13
      '@vue/runtime-core': 3.5.13
      '@vue/shared': 3.5.13
      csstype: 3.1.3

  '@vue/server-renderer@3.5.13(vue@3.5.13)':
    dependencies:
      '@vue/compiler-ssr': 3.5.13
      '@vue/shared': 3.5.13
      vue: 3.5.13

  '@vue/shared@3.5.13': {}

  anser@2.3.2: {}

  ansi-to-vue3@0.1.2(vue@3.5.13):
    dependencies:
      anser: 2.3.2
      escape-carriage: 1.3.1
    optionalDependencies:
      vue: 3.5.13

  base64-js@1.5.1: {}

  bubblesets-js@3.0.0: {}

  buffer@6.0.3:
    dependencies:
      base64-js: 1.5.1
      ieee754: 1.2.1

  clean-set@1.1.2: {}

  crelt@1.0.6: {}

  csstype@3.1.3: {}

  d3-array@3.2.4:
    dependencies:
      internmap: 2.0.3

  dequal@2.0.3: {}

  dotenv@16.5.0: {}

  entities@4.5.0: {}

  escape-carriage@1.3.1: {}

  estree-walker@2.0.2: {}

  gofish-graphics@0.0.3(solid-js@1.9.7):
    dependencies:
      '@types/d3-array': 3.2.1
      bubblesets-js: 3.0.0
      d3-array: 3.2.4
      lodash: 4.17.21
      rybitten: 0.22.0
      solid-js: 1.9.7
      spectral.js: 2.0.2

  ieee754@1.2.1: {}

  internmap@2.0.3: {}

  lodash@4.17.21: {}

  lz-string@1.5.0: {}

  magic-string@0.30.17:
    dependencies:
      '@jridgewell/sourcemap-codec': 1.5.0

  markdown-it-container@4.0.0: {}

  mime-db@1.54.0: {}

  monaco-editor@0.52.2: {}

  nanoid@3.3.11: {}

  outvariant@1.4.0: {}

  picocolors@1.1.1: {}

  postcss@8.5.3:
    dependencies:
      nanoid: 3.3.11
      picocolors: 1.1.1
      source-map-js: 1.2.1

  rybitten@0.22.0: {}

  sandpack-vue3@3.1.12(vue@3.5.13):
    dependencies:
      '@codemirror/autocomplete': 6.18.6
      '@codemirror/commands': 6.8.1
      '@codemirror/lang-css': 6.3.1
      '@codemirror/lang-html': 6.4.9
      '@codemirror/lang-javascript': 6.2.4
      '@codemirror/language': 6.11.1
      '@codemirror/state': 6.5.2
      '@codemirror/view': 6.37.1
      '@codesandbox/sandpack-client': 2.19.8
      '@lezer/highlight': 1.2.1
      '@stitches/core': 1.2.8
      ansi-to-vue3: 0.1.2(vue@3.5.13)
      clean-set: 1.1.2
      dequal: 2.0.3
      lz-string: 1.5.0
    optionalDependencies:
      vue: 3.5.13

  seroval-plugins@1.3.2(seroval@1.3.2):
    dependencies:
      seroval: 1.3.2

  seroval@1.3.2: {}

  solid-js@1.9.7:
    dependencies:
      csstype: 3.1.3
      seroval: 1.3.2
      seroval-plugins: 1.3.2(seroval@1.3.2)

  source-map-js@1.2.1: {}

  spectral.js@2.0.2: {}

  static-browser-server@1.0.3:
    dependencies:
      '@open-draft/deferred-promise': 2.2.0
      dotenv: 16.5.0
      mime-db: 1.54.0
      outvariant: 1.4.0

  strict-event-emitter@0.4.6: {}

  style-mod@4.1.2: {}

  undici-types@7.8.0: {}

  vite-plugin-monaco-editor@1.1.0(monaco-editor@0.52.2):
    dependencies:
      monaco-editor: 0.52.2

  vue@3.5.13:
    dependencies:
      '@vue/compiler-dom': 3.5.13
      '@vue/compiler-sfc': 3.5.13
      '@vue/runtime-dom': 3.5.13
      '@vue/server-renderer': 3.5.13(vue@3.5.13)
      '@vue/shared': 3.5.13

  w3c-keyname@2.2.8: {}
